// !$*UTF8*$!
{
	archiveVersion = 1;
	classes = {
	};
	objectVersion = 56;
	objects = {

/* Begin PBXBuildFile section */
		891461972C7CD0FB0048E914 /* LocationManager.swift in Sources */ = {isa = PBXBuildFile; fileRef = 891461962C7CD0FB0048E914 /* LocationManager.swift */; };
		8914619A2C7CD4910048E914 /* WelcomView.swift in Sources */ = {isa = PBXBuildFile; fileRef = 891461992C7CD4910048E914 /* WelcomView.swift */; };
		8914619C2C7CE1BE0048E914 /* LoadingView.swift in Sources */ = {isa = PBXBuildFile; fileRef = 8914619B2C7CE1BE0048E914 /* LoadingView.swift */; };
		8914619E2C7CF7060048E914 /* WheatherManager.swift in Sources */ = {isa = PBXBuildFile; fileRef = 8914619D2C7CF7060048E914 /* WheatherManager.swift */; };
		894E5CD32C678A99008397C4 /* wheatherappApp.swift in Sources */ = {isa = PBXBuildFile; fileRef = 894E5CD22C678A99008397C4 /* wheatherappApp.swift */; };
		894E5CD52C678A99008397C4 /* ContentView.swift in Sources */ = {isa = PBXBuildFile; fileRef = 894E5CD42C678A99008397C4 /* ContentView.swift */; };
		894E5CD72C678A9E008397C4 /* Assets.xcassets in Resources */ = {isa = PBXBuildFile; fileRef = 894E5CD62C678A9E008397C4 /* Assets.xcassets */; };
		894E5CDA2C678A9E008397C4 /* Preview Assets.xcassets in Resources */ = {isa = PBXBuildFile; fileRef = 894E5CD92C678A9E008397C4 /* Preview Assets.xcassets */; };
		894E5CDC2C678A9E008397C4 /* Persistence.swift in Sources */ = {isa = PBXBuildFile; fileRef = 894E5CDB2C678A9E008397C4 /* Persistence.swift */; };
		894E5CDF2C678A9E008397C4 /* wheatherapp.xcdatamodeld in Sources */ = {isa = PBXBuildFile; fileRef = 894E5CDD2C678A9E008397C4 /* wheatherapp.xcdatamodeld */; };
		899B0E332C7E2AAB00858397 /* WeatherView.swift in Sources */ = {isa = PBXBuildFile; fileRef = 899B0E322C7E2AAA00858397 /* WeatherView.swift */; };
		899B0E352C7E2B2D00858397 /* ModelData.swift in Sources */ = {isa = PBXBuildFile; fileRef = 899B0E342C7E2B2D00858397 /* ModelData.swift */; };
		899B0E372C7E2B9300858397 /* weatherData.json in Resources */ = {isa = PBXBuildFile; fileRef = 899B0E362C7E2B9300858397 /* weatherData.json */; };
		899B0E392C7E2DBF00858397 /* Extensions.swift in Sources */ = {isa = PBXBuildFile; fileRef = 899B0E382C7E2DBF00858397 /* Extensions.swift */; };
		899B0E3C2C7E58F400858397 /* WeatherRow.swift in Sources */ = {isa = PBXBuildFile; fileRef = 899B0E3B2C7E58F400858397 /* WeatherRow.swift */; };
/* End PBXBuildFile section */

/* Begin PBXFileReference section */
		891461962C7CD0FB0048E914 /* LocationManager.swift */ = {isa = PBXFileReference; lastKnownFileType = sourcecode.swift; path = LocationManager.swift; sourceTree = "<group>"; };
		891461992C7CD4910048E914 /* WelcomView.swift */ = {isa = PBXFileReference; lastKnownFileType = sourcecode.swift; path = WelcomView.swift; sourceTree = "<group>"; };
		8914619B2C7CE1BE0048E914 /* LoadingView.swift */ = {isa = PBXFileReference; lastKnownFileType = sourcecode.swift; path = LoadingView.swift; sourceTree = "<group>"; };
		8914619D2C7CF7060048E914 /* WheatherManager.swift */ = {isa = PBXFileReference; lastKnownFileType = sourcecode.swift; path = WheatherManager.swift; sourceTree = "<group>"; };
		894E5CCF2C678A99008397C4 /* wheatherapp.app */ = {isa = PBXFileReference; explicitFileType = wrapper.application; includeInIndex = 0; path = wheatherapp.app; sourceTree = BUILT_PRODUCTS_DIR; };
		894E5CD22C678A99008397C4 /* wheatherappApp.swift */ = {isa = PBXFileReference; lastKnownFileType = sourcecode.swift; path = wheatherappApp.swift; sourceTree = "<group>"; };
		894E5CD42C678A99008397C4 /* ContentView.swift */ = {isa = PBXFileReference; lastKnownFileType = sourcecode.swift; path = ContentView.swift; sourceTree = "<group>"; };
		894E5CD62C678A9E008397C4 /* Assets.xcassets */ = {isa = PBXFileReference; lastKnownFileType = folder.assetcatalog; path = Assets.xcassets; sourceTree = "<group>"; };
		894E5CD92C678A9E008397C4 /* Preview Assets.xcassets */ = {isa = PBXFileReference; lastKnownFileType = folder.assetcatalog; path = "Preview Assets.xcassets"; sourceTree = "<group>"; };
		894E5CDB2C678A9E008397C4 /* Persistence.swift */ = {isa = PBXFileReference; lastKnownFileType = sourcecode.swift; path = Persistence.swift; sourceTree = "<group>"; };
		894E5CDE2C678A9E008397C4 /* wheatherapp.xcdatamodel */ = {isa = PBXFileReference; lastKnownFileType = wrapper.xcdatamodel; path = wheatherapp.xcdatamodel; sourceTree = "<group>"; };
		899B0E322C7E2AAA00858397 /* WeatherView.swift */ = {isa = PBXFileReference; lastKnownFileType = sourcecode.swift; path = WeatherView.swift; sourceTree = "<group>"; };
		899B0E342C7E2B2D00858397 /* ModelData.swift */ = {isa = PBXFileReference; lastKnownFileType = sourcecode.swift; path = ModelData.swift; sourceTree = "<group>"; };
		899B0E362C7E2B9300858397 /* weatherData.json */ = {isa = PBXFileReference; lastKnownFileType = text.json; path = weatherData.json; sourceTree = "<group>"; };
		899B0E382C7E2DBF00858397 /* Extensions.swift */ = {isa = PBXFileReference; lastKnownFileType = sourcecode.swift; path = Extensions.swift; sourceTree = "<group>"; };
		899B0E3B2C7E58F400858397 /* WeatherRow.swift */ = {isa = PBXFileReference; lastKnownFileType = sourcecode.swift; path = WeatherRow.swift; sourceTree = "<group>"; };
/* End PBXFileReference section */

/* Begin PBXFrameworksBuildPhase section */
		894E5CCC2C678A99008397C4 /* Frameworks */ = {
			isa = PBXFrameworksBuildPhase;
			buildActionMask = 2147483647;
			files = (
			);
			runOnlyForDeploymentPostprocessing = 0;
		};
/* End PBXFrameworksBuildPhase section */

/* Begin PBXGroup section */
		891461952C7CD0BB0048E914 /* Managers */ = {
			isa = PBXGroup;
			children = (
				891461962C7CD0FB0048E914 /* LocationManager.swift */,
				8914619D2C7CF7060048E914 /* WheatherManager.swift */,
			);
			path = Managers;
			sourceTree = "<group>";
		};
		891461982C7CD4290048E914 /* Views */ = {
			isa = PBXGroup;
			children = (
				894E5CD42C678A99008397C4 /* ContentView.swift */,
				891461992C7CD4910048E914 /* WelcomView.swift */,
				8914619B2C7CE1BE0048E914 /* LoadingView.swift */,
				899B0E322C7E2AAA00858397 /* WeatherView.swift */,
			);
			path = Views;
			sourceTree = "<group>";
		};
		894E5CC62C678A98008397C4 = {
			isa = PBXGroup;
			children = (
				894E5CD12C678A99008397C4 /* wheatherapp */,
				894E5CD02C678A99008397C4 /* Products */,
			);
			sourceTree = "<group>";
		};
		894E5CD02C678A99008397C4 /* Products */ = {
			isa = PBXGroup;
			children = (
				894E5CCF2C678A99008397C4 /* wheatherapp.app */,
			);
			name = Products;
			sourceTree = "<group>";
		};
		894E5CD12C678A99008397C4 /* wheatherapp */ = {
			isa = PBXGroup;
			children = (
				899B0E3A2C7E58D500858397 /* Components */,
				894E5CD22C678A99008397C4 /* wheatherappApp.swift */,
				891461952C7CD0BB0048E914 /* Managers */,
				891461982C7CD4290048E914 /* Views */,
				899B0E382C7E2DBF00858397 /* Extensions.swift */,
				894E5CD62C678A9E008397C4 /* Assets.xcassets */,
				894E5CDB2C678A9E008397C4 /* Persistence.swift */,
				894E5CDD2C678A9E008397C4 /* wheatherapp.xcdatamodeld */,
				894E5CD82C678A9E008397C4 /* Preview Content */,
			);
			path = wheatherapp;
			sourceTree = "<group>";
		};
		894E5CD82C678A9E008397C4 /* Preview Content */ = {
			isa = PBXGroup;
			children = (
				894E5CD92C678A9E008397C4 /* Preview Assets.xcassets */,
				899B0E342C7E2B2D00858397 /* ModelData.swift */,
				899B0E362C7E2B9300858397 /* weatherData.json */,
			);
			path = "Preview Content";
			sourceTree = "<group>";
		};
		899B0E3A2C7E58D500858397 /* Components */ = {
			isa = PBXGroup;
			children = (
				899B0E3B2C7E58F400858397 /* WeatherRow.swift */,
			);
			path = Components;
			sourceTree = "<group>";
		};
/* End PBXGroup section */

/* Begin PBXNativeTarget section */
		894E5CCE2C678A99008397C4 /* wheatherapp */ = {
			isa = PBXNativeTarget;
			buildConfigurationList = 894E5CE22C678A9E008397C4 /* Build configuration list for PBXNativeTarget "wheatherapp" */;
			buildPhases = (
				894E5CCB2C678A99008397C4 /* Sources */,
				894E5CCC2C678A99008397C4 /* Frameworks */,
				894E5CCD2C678A99008397C4 /* Resources */,
			);
			buildRules = (
			);
			dependencies = (
			);
			name = wheatherapp;
			productName = wheatherapp;
			productReference = 894E5CCF2C678A99008397C4 /* wheatherapp.app */;
			productType = "com.apple.product-type.application";
		};
/* End PBXNativeTarget section */

/* Begin PBXProject section */
		894E5CC72C678A98008397C4 /* Project object */ = {
			isa = PBXProject;
			attributes = {
				BuildIndependentTargetsInParallel = 1;
				LastSwiftUpdateCheck = 1400;
				LastUpgradeCheck = 1400;
				TargetAttributes = {
					894E5CCE2C678A99008397C4 = {
						CreatedOnToolsVersion = 14.0.1;
					};
				};
			};
			buildConfigurationList = 894E5CCA2C678A98008397C4 /* Build configuration list for PBXProject "wheatherapp" */;
			compatibilityVersion = "Xcode 14.0";
			developmentRegion = en;
			hasScannedForEncodings = 0;
			knownRegions = (
				en,
				Base,
			);
			mainGroup = 894E5CC62C678A98008397C4;
			productRefGroup = 894E5CD02C678A99008397C4 /* Products */;
			projectDirPath = "";
			projectRoot = "";
			targets = (
				894E5CCE2C678A99008397C4 /* wheatherapp */,
			);
		};
/* End PBXProject section */

/* Begin PBXResourcesBuildPhase section */
		894E5CCD2C678A99008397C4 /* Resources */ = {
			isa = PBXResourcesBuildPhase;
			buildActionMask = 2147483647;
			files = (
				894E5CDA2C678A9E008397C4 /* Preview Assets.xcassets in Resources */,
				899B0E372C7E2B9300858397 /* weatherData.json in Resources */,
				894E5CD72C678A9E008397C4 /* Assets.xcassets in Resources */,
			);
			runOnlyForDeploymentPostprocessing = 0;
		};
/* End PBXResourcesBuildPhase section */

/* Begin PBXSourcesBuildPhase section */
		894E5CCB2C678A99008397C4 /* Sources */ = {
			isa = PBXSourcesBuildPhase;
			buildActionMask = 2147483647;
			files = (
				894E5CDC2C678A9E008397C4 /* Persistence.swift in Sources */,
				894E5CDF2C678A9E008397C4 /* wheatherapp.xcdatamodeld in Sources */,
				891461972C7CD0FB0048E914 /* LocationManager.swift in Sources */,
				899B0E3C2C7E58F400858397 /* WeatherRow.swift in Sources */,
				899B0E332C7E2AAB00858397 /* WeatherView.swift in Sources */,
				8914619E2C7CF7060048E914 /* WheatherManager.swift in Sources */,
				894E5CD52C678A99008397C4 /* ContentView.swift in Sources */,
				894E5CD32C678A99008397C4 /* wheatherappApp.swift in Sources */,
				899B0E352C7E2B2D00858397 /* ModelData.swift in Sources */,
				8914619C2C7CE1BE0048E914 /* LoadingView.swift in Sources */,
				899B0E392C7E2DBF00858397 /* Extensions.swift in Sources */,
				8914619A2C7CD4910048E914 /* WelcomView.swift in Sources */,
			);
			runOnlyForDeploymentPostprocessing = 0;
		};
/* End PBXSourcesBuildPhase section */

/* Begin XCBuildConfiguration section */
		894E5CE02C678A9E008397C4 /* Debug */ = {
			isa = XCBuildConfiguration;
			buildSettings = {
				ALWAYS_SEARCH_USER_PATHS = NO;
				CLANG_ANALYZER_NONNULL = YES;
				CLANG_ANALYZER_NUMBER_OBJECT_CONVERSION = YES_AGGRESSIVE;
				CLANG_CXX_LANGUAGE_STANDARD = "gnu++20";
				CLANG_ENABLE_MODULES = YES;
				CLANG_ENABLE_OBJC_ARC = YES;
				CLANG_ENABLE_OBJC_WEAK = YES;
				CLANG_WARN_BLOCK_CAPTURE_AUTORELEASING = YES;
				CLANG_WARN_BOOL_CONVERSION = YES;
				CLANG_WARN_COMMA = YES;
				CLANG_WARN_CONSTANT_CONVERSION = YES;
				CLANG_WARN_DEPRECATED_OBJC_IMPLEMENTATIONS = YES;
				CLANG_WARN_DIRECT_OBJC_ISA_USAGE = YES_ERROR;
				CLANG_WARN_DOCUMENTATION_COMMENTS = YES;
				CLANG_WARN_EMPTY_BODY = YES;
				CLANG_WARN_ENUM_CONVERSION = YES;
				CLANG_WARN_INFINITE_RECURSION = YES;
				CLANG_WARN_INT_CONVERSION = YES;
				CLANG_WARN_NON_LITERAL_NULL_CONVERSION = YES;
				CLANG_WARN_OBJC_IMPLICIT_RETAIN_SELF = YES;
				CLANG_WARN_OBJC_LITERAL_CONVERSION = YES;
				CLANG_WARN_OBJC_ROOT_CLASS = YES_ERROR;
				CLANG_WARN_QUOTED_INCLUDE_IN_FRAMEWORK_HEADER = YES;
				CLANG_WARN_RANGE_LOOP_ANALYSIS = YES;
				CLANG_WARN_STRICT_PROTOTYPES = YES;
				CLANG_WARN_SUSPICIOUS_MOVE = YES;
				CLANG_WARN_UNGUARDED_AVAILABILITY = YES_AGGRESSIVE;
				CLANG_WARN_UNREACHABLE_CODE = YES;
				CLANG_WARN__DUPLICATE_METHOD_MATCH = YES;
				COPY_PHASE_STRIP = NO;
				DEBUG_INFORMATION_FORMAT = dwarf;
				ENABLE_STRICT_OBJC_MSGSEND = YES;
				ENABLE_TESTABILITY = YES;
				GCC_C_LANGUAGE_STANDARD = gnu11;
				GCC_DYNAMIC_NO_PIC = NO;
				GCC_NO_COMMON_BLOCKS = YES;
				GCC_OPTIMIZATION_LEVEL = 0;
				GCC_PREPROCESSOR_DEFINITIONS = (
					"DEBUG=1",
					"$(inherited)",
				);
				GCC_WARN_64_TO_32_BIT_CONVERSION = YES;
				GCC_WARN_ABOUT_RETURN_TYPE = YES_ERROR;
				GCC_WARN_UNDECLARED_SELECTOR = YES;
				GCC_WARN_UNINITIALIZED_AUTOS = YES_AGGRESSIVE;
				GCC_WARN_UNUSED_FUNCTION = YES;
				GCC_WARN_UNUSED_VARIABLE = YES;
				IPHONEOS_DEPLOYMENT_TARGET = 16.0;
				MTL_ENABLE_DEBUG_INFO = INCLUDE_SOURCE;
				MTL_FAST_MATH = YES;
				ONLY_ACTIVE_ARCH = YES;
				SDKROOT = iphoneos;
				SWIFT_ACTIVE_COMPILATION_CONDITIONS = DEBUG;
				SWIFT_OPTIMIZATION_LEVEL = "-Onone";
			};
			name = Debug;
		};
		894E5CE12C678A9E008397C4 /* Release */ = {
			isa = XCBuildConfiguration;
			buildSettings = {
				ALWAYS_SEARCH_USER_PATHS = NO;
				CLANG_ANALYZER_NONNULL = YES;
				CLANG_ANALYZER_NUMBER_OBJECT_CONVERSION = YES_AGGRESSIVE;
				CLANG_CXX_LANGUAGE_STANDARD = "gnu++20";
				CLANG_ENABLE_MODULES = YES;
				CLANG_ENABLE_OBJC_ARC = YES;
				CLANG_ENABLE_OBJC_WEAK = YES;
				CLANG_WARN_BLOCK_CAPTURE_AUTORELEASING = YES;
				CLANG_WARN_BOOL_CONVERSION = YES;
				CLANG_WARN_COMMA = YES;
				CLANG_WARN_CONSTANT_CONVERSION = YES;
				CLANG_WARN_DEPRECATED_OBJC_IMPLEMENTATIONS = YES;
				CLANG_WARN_DIRECT_OBJC_ISA_USAGE = YES_ERROR;
				CLANG_WARN_DOCUMENTATION_COMMENTS = YES;
				CLANG_WARN_EMPTY_BODY = YES;
				CLANG_WARN_ENUM_CONVERSION = YES;
				CLANG_WARN_INFINITE_RECURSION = YES;
				CLANG_WARN_INT_CONVERSION = YES;
				CLANG_WARN_NON_LITERAL_NULL_CONVERSION = YES;
				CLANG_WARN_OBJC_IMPLICIT_RETAIN_SELF = YES;
				CLANG_WARN_OBJC_LITERAL_CONVERSION = YES;
				CLANG_WARN_OBJC_ROOT_CLASS = YES_ERROR;
				CLANG_WARN_QUOTED_INCLUDE_IN_FRAMEWORK_HEADER = YES;
				CLANG_WARN_RANGE_LOOP_ANALYSIS = YES;
				CLANG_WARN_STRICT_PROTOTYPES = YES;
				CLANG_WARN_SUSPICIOUS_MOVE = YES;
				CLANG_WARN_UNGUARDED_AVAILABILITY = YES_AGGRESSIVE;
				CLANG_WARN_UNREACHABLE_CODE = YES;
				CLANG_WARN__DUPLICATE_METHOD_MATCH = YES;
				COPY_PHASE_STRIP = NO;
				DEBUG_INFORMATION_FORMAT = "dwarf-with-dsym";
				ENABLE_NS_ASSERTIONS = NO;
				ENABLE_STRICT_OBJC_MSGSEND = YES;
				GCC_C_LANGUAGE_STANDARD = gnu11;
				GCC_NO_COMMON_BLOCKS = YES;
				GCC_WARN_64_TO_32_BIT_CONVERSION = YES;
				GCC_WARN_ABOUT_RETURN_TYPE = YES_ERROR;
				GCC_WARN_UNDECLARED_SELECTOR = YES;
				GCC_WARN_UNINITIALIZED_AUTOS = YES_AGGRESSIVE;
				GCC_WARN_UNUSED_FUNCTION = YES;
				GCC_WARN_UNUSED_VARIABLE = YES;
				IPHONEOS_DEPLOYMENT_TARGET = 16.0;
				MTL_ENABLE_DEBUG_INFO = NO;
				MTL_FAST_MATH = YES;
				SDKROOT = iphoneos;
				SWIFT_COMPILATION_MODE = wholemodule;
				SWIFT_OPTIMIZATION_LEVEL = "-O";
				VALIDATE_PRODUCT = YES;
			};
			name = Release;
		};
		894E5CE32C678A9E008397C4 /* Debug */ = {
			isa = XCBuildConfiguration;
			buildSettings = {
				ASSETCATALOG_COMPILER_APPICON_NAME = AppIcon;
				ASSETCATALOG_COMPILER_GLOBAL_ACCENT_COLOR_NAME = AccentColor;
				CODE_SIGN_STYLE = Automatic;
				CURRENT_PROJECT_VERSION = 1;
				DEVELOPMENT_ASSET_PATHS = "\"wheatherapp/Preview Content\"";
				DEVELOPMENT_TEAM = 6R9LK9K8HF;
				ENABLE_PREVIEWS = YES;
				GENERATE_INFOPLIST_FILE = YES;
				INFOPLIST_KEY_UIApplicationSceneManifest_Generation = YES;
				INFOPLIST_KEY_UIApplicationSupportsIndirectInputEvents = YES;
				INFOPLIST_KEY_UILaunchScreen_Generation = YES;
				INFOPLIST_KEY_UISupportedInterfaceOrientations_iPad = "UIInterfaceOrientationPortrait UIInterfaceOrientationPortraitUpsideDown UIInterfaceOrientationLandscapeLeft UIInterfaceOrientationLandscapeRight";
				INFOPLIST_KEY_UISupportedInterfaceOrientations_iPhone = "UIInterfaceOrientationPortrait UIInterfaceOrientationLandscapeLeft UIInterfaceOrientationLandscapeRight";
				LD_RUNPATH_SEARCH_PATHS = (
					"$(inherited)",
					"@executable_path/Frameworks",
				);
				MARKETING_VERSION = 1.0;
				PRODUCT_BUNDLE_IDENTIFIER = dilip.wheatherapp;
				PRODUCT_NAME = "$(TARGET_NAME)";
				SWIFT_EMIT_LOC_STRINGS = YES;
				SWIFT_VERSION = 5.0;
				TARGETED_DEVICE_FAMILY = "1,2";
			};
			name = Debug;
		};
		894E5CE42C678A9E008397C4 /* Release */ = {
			isa = XCBuildConfiguration;
			buildSettings = {
				ASSETCATALOG_COMPILER_APPICON_NAME = AppIcon;
				ASSETCATALOG_COMPILER_GLOBAL_ACCENT_COLOR_NAME = AccentColor;
				CODE_SIGN_STYLE = Automatic;
				CURRENT_PROJECT_VERSION = 1;
				DEVELOPMENT_ASSET_PATHS = "\"wheatherapp/Preview Content\"";
				DEVELOPMENT_TEAM = 6R9LK9K8HF;
				ENABLE_PREVIEWS = YES;
				GENERATE_INFOPLIST_FILE = YES;
				INFOPLIST_KEY_UIApplicationSceneManifest_Generation = YES;
				INFOPLIST_KEY_UIApplicationSupportsIndirectInputEvents = YES;
				INFOPLIST_KEY_UILaunchScreen_Generation = YES;
				INFOPLIST_KEY_UISupportedInterfaceOrientations_iPad = "UIInterfaceOrientationPortrait UIInterfaceOrientationPortraitUpsideDown UIInterfaceOrientationLandscapeLeft UIInterfaceOrientationLandscapeRight";
				INFOPLIST_KEY_UISupportedInterfaceOrientations_iPhone = "UIInterfaceOrientationPortrait UIInterfaceOrientationLandscapeLeft UIInterfaceOrientationLandscapeRight";
				LD_RUNPATH_SEARCH_PATHS = (
					"$(inherited)",
					"@executable_path/Frameworks",
				);
				MARKETING_VERSION = 1.0;
				PRODUCT_BUNDLE_IDENTIFIER = dilip.wheatherapp;
				PRODUCT_NAME = "$(TARGET_NAME)";
				SWIFT_EMIT_LOC_STRINGS = YES;
				SWIFT_VERSION = 5.0;
				TARGETED_DEVICE_FAMILY = "1,2";
			};
			name = Release;
		};
/* End XCBuildConfiguration section */

/* Begin XCConfigurationList section */
		894E5CCA2C678A98008397C4 /* Build configuration list for PBXProject "wheatherapp" */ = {
			isa = XCConfigurationList;
			buildConfigurations = (
				894E5CE02C678A9E008397C4 /* Debug */,
				894E5CE12C678A9E008397C4 /* Release */,
			);
			defaultConfigurationIsVisible = 0;
			defaultConfigurationName = Release;
		};
		894E5CE22C678A9E008397C4 /* Build configuration list for PBXNativeTarget "wheatherapp" */ = {
			isa = XCConfigurationList;
			buildConfigurations = (
				894E5CE32C678A9E008397C4 /* Debug */,
				894E5CE42C678A9E008397C4 /* Release */,
			);
			defaultConfigurationIsVisible = 0;
			defaultConfigurationName = Release;
		};
/* End XCConfigurationList section */

/* Begin XCVersionGroup section */
		894E5CDD2C678A9E008397C4 /* wheatherapp.xcdatamodeld */ = {
			isa = XCVersionGroup;
			children = (
				894E5CDE2C678A9E008397C4 /* wheatherapp.xcdatamodel */,
			);
			currentVersion = 894E5CDE2C678A9E008397C4 /* wheatherapp.xcdatamodel */;
			path = wheatherapp.xcdatamodeld;
			sourceTree = "<group>";
			versionGroupType = wrapper.xcdatamodel;
		};
/* End XCVersionGroup section */
	};
	rootObject = 894E5CC72C678A98008397C4 /* Project object */;
}
